
Microsoft Visual Studio Solution File, Format Version 12.00
Project("{FAE04EC0-301F-11D3-BF4B-00C04F79EFBC}") = "StockMonitoring.Api", "StockMonitoring.Api\StockMonitoring.Api.csproj", "{07F44D6D-92FC-411E-BA59-C1C9A270B9C5}"
EndProject
Project("{FAE04EC0-301F-11D3-BF4B-00C04F79EFBC}") = "StockMonitoring.Application", "StockMonitoring.Application\StockMonitoring.Application.csproj", "{93CDE5C0-5D95-49F4-A97B-4F54044D4BB4}"
EndProject
Project("{FAE04EC0-301F-11D3-BF4B-00C04F79EFBC}") = "StockMonitoring.Core", "StockMonitoring.Core\StockMonitoring.Core.csproj", "{F16B43BE-7FE5-44C7-91CA-5448B254ADB3}"
EndProject
Project("{FAE04EC0-301F-11D3-BF4B-00C04F79EFBC}") = "StockMonitoring.Infrastructure", "StockMonitoring.Infrastructure\StockMonitoring.Infrastructure.csproj", "{1B90DB24-471E-47DA-BBC5-7D6CBEF2EBBA}"
EndProject
Global
	GlobalSection(SolutionConfigurationPlatforms) = preSolution
		Debug|Any CPU = Debug|Any CPU
		Release|Any CPU = Release|Any CPU
	EndGlobalSection
	GlobalSection(ProjectConfigurationPlatforms) = postSolution
		{07F44D6D-92FC-411E-BA59-C1C9A270B9C5}.Debug|Any CPU.ActiveCfg = Debug|Any CPU
		{07F44D6D-92FC-411E-BA59-C1C9A270B9C5}.Debug|Any CPU.Build.0 = Debug|Any CPU
		{07F44D6D-92FC-411E-BA59-C1C9A270B9C5}.Release|Any CPU.ActiveCfg = Release|Any CPU
		{07F44D6D-92FC-411E-BA59-C1C9A270B9C5}.Release|Any CPU.Build.0 = Release|Any CPU
		{93CDE5C0-5D95-49F4-A97B-4F54044D4BB4}.Debug|Any CPU.ActiveCfg = Debug|Any CPU
		{93CDE5C0-5D95-49F4-A97B-4F54044D4BB4}.Debug|Any CPU.Build.0 = Debug|Any CPU
		{93CDE5C0-5D95-49F4-A97B-4F54044D4BB4}.Release|Any CPU.ActiveCfg = Release|Any CPU
		{93CDE5C0-5D95-49F4-A97B-4F54044D4BB4}.Release|Any CPU.Build.0 = Release|Any CPU
		{F16B43BE-7FE5-44C7-91CA-5448B254ADB3}.Debug|Any CPU.ActiveCfg = Debug|Any CPU
		{F16B43BE-7FE5-44C7-91CA-5448B254ADB3}.Debug|Any CPU.Build.0 = Debug|Any CPU
		{F16B43BE-7FE5-44C7-91CA-5448B254ADB3}.Release|Any CPU.ActiveCfg = Release|Any CPU
		{F16B43BE-7FE5-44C7-91CA-5448B254ADB3}.Release|Any CPU.Build.0 = Release|Any CPU
		{1B90DB24-471E-47DA-BBC5-7D6CBEF2EBBA}.Debug|Any CPU.ActiveCfg = Debug|Any CPU
		{1B90DB24-471E-47DA-BBC5-7D6CBEF2EBBA}.Debug|Any CPU.Build.0 = Debug|Any CPU
		{1B90DB24-471E-47DA-BBC5-7D6CBEF2EBBA}.Release|Any CPU.ActiveCfg = Release|Any CPU
		{1B90DB24-471E-47DA-BBC5-7D6CBEF2EBBA}.Release|Any CPU.Build.0 = Release|Any CPU
	EndGlobalSection
EndGlobal
